
Microsoft Visual Studio Solution File, Format Version 12.00
# Visual Studio Version 17
VisualStudioVersion = 17.0.31903.59
MinimumVisualStudioVersion = 10.0.40219.1
Project("{2150E333-8FDC-42A3-9474-1A3956D46DE8}") = "src", "src", "{827E0CD3-B72D-47B6-A68D-7590B98EB39B}"
EndProject
Project("{FAE04EC0-301F-11D3-BF4B-00C04F79EFBC}") = "PedidosPendientes.Web", "src\PedidosPendientes.Web\PedidosPendientes.Web.csproj", "{59C0E31E-7FB8-40C0-9B1E-E52CA4EE79CC}"
EndProject
Project("{FAE04EC0-301F-11D3-BF4B-00C04F79EFBC}") = "PedidosPendientes.Core", "src\PedidosPendientes.Core\PedidosPendientes.Core.csproj", "{2B7350B5-DA23-4170-BD22-5D058F711AC1}"
EndProject
Project("{FAE04EC0-301F-11D3-BF4B-00C04F79EFBC}") = "PedidosPendientes.Infrastructure", "src\PedidosPendientes.Infrastructure\PedidosPendientes.Infrastructure.csproj", "{C972FF95-AA0D-459B-94F4-5DC83E8776C1}"
EndProject
Global
	GlobalSection(SolutionConfigurationPlatforms) = preSolution
		Debug|Any CPU = Debug|Any CPU
		Debug|x64 = Debug|x64
		Debug|x86 = Debug|x86
		Release|Any CPU = Release|Any CPU
		Release|x64 = Release|x64
		Release|x86 = Release|x86
	EndGlobalSection
	GlobalSection(ProjectConfigurationPlatforms) = postSolution
		{59C0E31E-7FB8-40C0-9B1E-E52CA4EE79CC}.Debug|Any CPU.ActiveCfg = Debug|Any CPU
		{59C0E31E-7FB8-40C0-9B1E-E52CA4EE79CC}.Debug|Any CPU.Build.0 = Debug|Any CPU
		{59C0E31E-7FB8-40C0-9B1E-E52CA4EE79CC}.Debug|x64.ActiveCfg = Debug|Any CPU
		{59C0E31E-7FB8-40C0-9B1E-E52CA4EE79CC}.Debug|x64.Build.0 = Debug|Any CPU
		{59C0E31E-7FB8-40C0-9B1E-E52CA4EE79CC}.Debug|x86.ActiveCfg = Debug|Any CPU
		{59C0E31E-7FB8-40C0-9B1E-E52CA4EE79CC}.Debug|x86.Build.0 = Debug|Any CPU
		{59C0E31E-7FB8-40C0-9B1E-E52CA4EE79CC}.Release|Any CPU.ActiveCfg = Release|Any CPU
		{59C0E31E-7FB8-40C0-9B1E-E52CA4EE79CC}.Release|Any CPU.Build.0 = Release|Any CPU
		{59C0E31E-7FB8-40C0-9B1E-E52CA4EE79CC}.Release|x64.ActiveCfg = Release|Any CPU
		{59C0E31E-7FB8-40C0-9B1E-E52CA4EE79CC}.Release|x64.Build.0 = Release|Any CPU
		{59C0E31E-7FB8-40C0-9B1E-E52CA4EE79CC}.Release|x86.ActiveCfg = Release|Any CPU
		{59C0E31E-7FB8-40C0-9B1E-E52CA4EE79CC}.Release|x86.Build.0 = Release|Any CPU
		{2B7350B5-DA23-4170-BD22-5D058F711AC1}.Debug|Any CPU.ActiveCfg = Debug|Any CPU
		{2B7350B5-DA23-4170-BD22-5D058F711AC1}.Debug|Any CPU.Build.0 = Debug|Any CPU
		{2B7350B5-DA23-4170-BD22-5D058F711AC1}.Debug|x64.ActiveCfg = Debug|Any CPU
		{2B7350B5-DA23-4170-BD22-5D058F711AC1}.Debug|x64.Build.0 = Debug|Any CPU
		{2B7350B5-DA23-4170-BD22-5D058F711AC1}.Debug|x86.ActiveCfg = Debug|Any CPU
		{2B7350B5-DA23-4170-BD22-5D058F711AC1}.Debug|x86.Build.0 = Debug|Any CPU
		{2B7350B5-DA23-4170-BD22-5D058F711AC1}.Release|Any CPU.ActiveCfg = Release|Any CPU
		{2B7350B5-DA23-4170-BD22-5D058F711AC1}.Release|Any CPU.Build.0 = Release|Any CPU
		{2B7350B5-DA23-4170-BD22-5D058F711AC1}.Release|x64.ActiveCfg = Release|Any CPU
		{2B7350B5-DA23-4170-BD22-5D058F711AC1}.Release|x64.Build.0 = Release|Any CPU
		{2B7350B5-DA23-4170-BD22-5D058F711AC1}.Release|x86.ActiveCfg = Release|Any CPU
		{2B7350B5-DA23-4170-BD22-5D058F711AC1}.Release|x86.Build.0 = Release|Any CPU
		{C972FF95-AA0D-459B-94F4-5DC83E8776C1}.Debug|Any CPU.ActiveCfg = Debug|Any CPU
		{C972FF95-AA0D-459B-94F4-5DC83E8776C1}.Debug|Any CPU.Build.0 = Debug|Any CPU
		{C972FF95-AA0D-459B-94F4-5DC83E8776C1}.Debug|x64.ActiveCfg = Debug|Any CPU
		{C972FF95-AA0D-459B-94F4-5DC83E8776C1}.Debug|x64.Build.0 = Debug|Any CPU
		{C972FF95-AA0D-459B-94F4-5DC83E8776C1}.Debug|x86.ActiveCfg = Debug|Any CPU
		{C972FF95-AA0D-459B-94F4-5DC83E8776C1}.Debug|x86.Build.0 = Debug|Any CPU
		{C972FF95-AA0D-459B-94F4-5DC83E8776C1}.Release|Any CPU.ActiveCfg = Release|Any CPU
		{C972FF95-AA0D-459B-94F4-5DC83E8776C1}.Release|Any CPU.Build.0 = Release|Any CPU
		{C972FF95-AA0D-459B-94F4-5DC83E8776C1}.Release|x64.ActiveCfg = Release|Any CPU
		{C972FF95-AA0D-459B-94F4-5DC83E8776C1}.Release|x64.Build.0 = Release|Any CPU
		{C972FF95-AA0D-459B-94F4-5DC83E8776C1}.Release|x86.ActiveCfg = Release|Any CPU
		{C972FF95-AA0D-459B-94F4-5DC83E8776C1}.Release|x86.Build.0 = Release|Any CPU
	EndGlobalSection
	GlobalSection(SolutionProperties) = preSolution
		HideSolutionNode = FALSE
	EndGlobalSection
	GlobalSection(NestedProjects) = preSolution
		{59C0E31E-7FB8-40C0-9B1E-E52CA4EE79CC} = {827E0CD3-B72D-47B6-A68D-7590B98EB39B}
		{2B7350B5-DA23-4170-BD22-5D058F711AC1} = {827E0CD3-B72D-47B6-A68D-7590B98EB39B}
		{C972FF95-AA0D-459B-94F4-5DC83E8776C1} = {827E0CD3-B72D-47B6-A68D-7590B98EB39B}
	EndGlobalSection
EndGlobal
